
Microsoft Visual Studio Solution File, Format Version 12.00
# Visual Studio Version 16
VisualStudioVersion = 16.0.31911.196
MinimumVisualStudioVersion = 10.0.40219.1
Project("{FAE04EC0-301F-11D3-BF4B-00C04F79EFBC}") = "Day 3-2", "Day 3-2.csproj", "{A2A476DE-B4FC-4706-8744-9409DD8C539E}"
EndProject
Global
	GlobalSection(SolutionConfigurationPlatforms) = preSolution
		Debug|Any CPU = Debug|Any CPU
		Release|Any CPU = Release|Any CPU
	EndGlobalSection
	GlobalSection(ProjectConfigurationPlatforms) = postSolution
		{A2A476DE-B4FC-4706-8744-9409DD8C539E}.Debug|Any CPU.ActiveCfg = Debug|Any CPU
		{A2A476DE-B4FC-4706-8744-9409DD8C539E}.Debug|Any CPU.Build.0 = Debug|Any CPU
		{A2A476DE-B4FC-4706-8744-9409DD8C539E}.Release|Any CPU.ActiveCfg = Release|Any CPU
		{A2A476DE-B4FC-4706-8744-9409DD8C539E}.Release|Any CPU.Build.0 = Release|Any CPU
	EndGlobalSection
	GlobalSection(SolutionProperties) = preSolution
		HideSolutionNode = FALSE
	EndGlobalSection
	GlobalSection(ExtensibilityGlobals) = postSolution
		SolutionGuid = {7A907421-0EB5-42D6-BD12-F7E57B5F93C4}
	EndGlobalSection
EndGlobal
